
Microsoft Visual Studio Solution File, Format Version 12.00
# Visual Studio Version 17
VisualStudioVersion = 17.8.34309.116
MinimumVisualStudioVersion = 10.0.40219.1
Project("{FAE04EC0-301F-11D3-BF4B-00C04F79EFBC}") = "C#_3", "C#_3.csproj", "{0A128660-133D-4E3E-85BF-1FD2732E4256}"
EndProject
Global
	GlobalSection(SolutionConfigurationPlatforms) = preSolution
		Debug|Any CPU = Debug|Any CPU
		Release|Any CPU = Release|Any CPU
	EndGlobalSection
	GlobalSection(ProjectConfigurationPlatforms) = postSolution
		{0A128660-133D-4E3E-85BF-1FD2732E4256}.Debug|Any CPU.ActiveCfg = Debug|Any CPU
		{0A128660-133D-4E3E-85BF-1FD2732E4256}.Debug|Any CPU.Build.0 = Debug|Any CPU
		{0A128660-133D-4E3E-85BF-1FD2732E4256}.Release|Any CPU.ActiveCfg = Release|Any CPU
		{0A128660-133D-4E3E-85BF-1FD2732E4256}.Release|Any CPU.Build.0 = Release|Any CPU
	EndGlobalSection
	GlobalSection(SolutionProperties) = preSolution
		HideSolutionNode = FALSE
	EndGlobalSection
	GlobalSection(ExtensibilityGlobals) = postSolution
		SolutionGuid = {030A9CA3-A698-4945-B230-2A83397F06B0}
	EndGlobalSection
EndGlobal
